// !$*UTF8*$!
{
	archiveVersion = 1;
	classes = {
	};
	objectVersion = 56;
	objects = {

/* Begin PBXBuildFile section */
		163E163629B773DB00956758 /* RMService.swift in Sources */ = {isa = PBXBuildFile; fileRef = 163E163529B773DB00956758 /* RMService.swift */; };
		163E163829B773EC00956758 /* RMRequest.swift in Sources */ = {isa = PBXBuildFile; fileRef = 163E163729B773EC00956758 /* RMRequest.swift */; };
		163E163A29B776EA00956758 /* RMEndpoint.swift in Sources */ = {isa = PBXBuildFile; fileRef = 163E163929B776EA00956758 /* RMEndpoint.swift */; };
		166F822C29AC948B0019D447 /* AppDelegate.swift in Sources */ = {isa = PBXBuildFile; fileRef = 166F822B29AC948B0019D447 /* AppDelegate.swift */; };
		166F822E29AC948B0019D447 /* SceneDelegate.swift in Sources */ = {isa = PBXBuildFile; fileRef = 166F822D29AC948B0019D447 /* SceneDelegate.swift */; };
		166F823029AC948B0019D447 /* RMTabViewContoller.swift in Sources */ = {isa = PBXBuildFile; fileRef = 166F822F29AC948B0019D447 /* RMTabViewContoller.swift */; };
		166F823529AC948C0019D447 /* Assets.xcassets in Resources */ = {isa = PBXBuildFile; fileRef = 166F823429AC948C0019D447 /* Assets.xcassets */; };
		166F823829AC948C0019D447 /* LaunchScreen.storyboard in Resources */ = {isa = PBXBuildFile; fileRef = 166F823629AC948C0019D447 /* LaunchScreen.storyboard */; };
		166F824729ACA1C30019D447 /* RMLocation.swift in Sources */ = {isa = PBXBuildFile; fileRef = 166F824629ACA1C30019D447 /* RMLocation.swift */; };
		166F824929ACA1DF0019D447 /* RMCharacter.swift in Sources */ = {isa = PBXBuildFile; fileRef = 166F824829ACA1DF0019D447 /* RMCharacter.swift */; };
		166F824B29ACA1F50019D447 /* RMEpisode.swift in Sources */ = {isa = PBXBuildFile; fileRef = 166F824A29ACA1F50019D447 /* RMEpisode.swift */; };
		166F824E29ACA2F90019D447 /* RMLocationViewController.swift in Sources */ = {isa = PBXBuildFile; fileRef = 166F824D29ACA2F90019D447 /* RMLocationViewController.swift */; };
		166F825029ACA30D0019D447 /* RMCharacterViewController.swift in Sources */ = {isa = PBXBuildFile; fileRef = 166F824F29ACA30D0019D447 /* RMCharacterViewController.swift */; };
		166F825229ACA3280019D447 /* RMEpisodeViewController.swift in Sources */ = {isa = PBXBuildFile; fileRef = 166F825129ACA3280019D447 /* RMEpisodeViewController.swift */; };
		166F825429ACA3320019D447 /* RMSettingsViewController.swift in Sources */ = {isa = PBXBuildFile; fileRef = 166F825329ACA3320019D447 /* RMSettingsViewController.swift */; };
/* End PBXBuildFile section */

/* Begin PBXFileReference section */
		163E163529B773DB00956758 /* RMService.swift */ = {isa = PBXFileReference; lastKnownFileType = sourcecode.swift; path = RMService.swift; sourceTree = "<group>"; };
		163E163729B773EC00956758 /* RMRequest.swift */ = {isa = PBXFileReference; lastKnownFileType = sourcecode.swift; path = RMRequest.swift; sourceTree = "<group>"; };
		163E163929B776EA00956758 /* RMEndpoint.swift */ = {isa = PBXFileReference; lastKnownFileType = sourcecode.swift; path = RMEndpoint.swift; sourceTree = "<group>"; };
		166F822829AC948B0019D447 /* RickAndMorty.app */ = {isa = PBXFileReference; explicitFileType = wrapper.application; includeInIndex = 0; path = RickAndMorty.app; sourceTree = BUILT_PRODUCTS_DIR; };
		166F822B29AC948B0019D447 /* AppDelegate.swift */ = {isa = PBXFileReference; lastKnownFileType = sourcecode.swift; path = AppDelegate.swift; sourceTree = "<group>"; };
		166F822D29AC948B0019D447 /* SceneDelegate.swift */ = {isa = PBXFileReference; lastKnownFileType = sourcecode.swift; path = SceneDelegate.swift; sourceTree = "<group>"; };
		166F822F29AC948B0019D447 /* RMTabViewContoller.swift */ = {isa = PBXFileReference; lastKnownFileType = sourcecode.swift; path = RMTabViewContoller.swift; sourceTree = "<group>"; };
		166F823429AC948C0019D447 /* Assets.xcassets */ = {isa = PBXFileReference; lastKnownFileType = folder.assetcatalog; path = Assets.xcassets; sourceTree = "<group>"; };
		166F823729AC948C0019D447 /* Base */ = {isa = PBXFileReference; lastKnownFileType = file.storyboard; name = Base; path = Base.lproj/LaunchScreen.storyboard; sourceTree = "<group>"; };
		166F823929AC948C0019D447 /* Info.plist */ = {isa = PBXFileReference; lastKnownFileType = text.plist.xml; path = Info.plist; sourceTree = "<group>"; };
		166F824629ACA1C30019D447 /* RMLocation.swift */ = {isa = PBXFileReference; lastKnownFileType = sourcecode.swift; path = RMLocation.swift; sourceTree = "<group>"; };
		166F824829ACA1DF0019D447 /* RMCharacter.swift */ = {isa = PBXFileReference; lastKnownFileType = sourcecode.swift; path = RMCharacter.swift; sourceTree = "<group>"; };
		166F824A29ACA1F50019D447 /* RMEpisode.swift */ = {isa = PBXFileReference; lastKnownFileType = sourcecode.swift; path = RMEpisode.swift; sourceTree = "<group>"; };
		166F824D29ACA2F90019D447 /* RMLocationViewController.swift */ = {isa = PBXFileReference; lastKnownFileType = sourcecode.swift; path = RMLocationViewController.swift; sourceTree = "<group>"; };
		166F824F29ACA30D0019D447 /* RMCharacterViewController.swift */ = {isa = PBXFileReference; lastKnownFileType = sourcecode.swift; path = RMCharacterViewController.swift; sourceTree = "<group>"; };
		166F825129ACA3280019D447 /* RMEpisodeViewController.swift */ = {isa = PBXFileReference; lastKnownFileType = sourcecode.swift; path = RMEpisodeViewController.swift; sourceTree = "<group>"; };
		166F825329ACA3320019D447 /* RMSettingsViewController.swift */ = {isa = PBXFileReference; lastKnownFileType = sourcecode.swift; path = RMSettingsViewController.swift; sourceTree = "<group>"; };
/* End PBXFileReference section */

/* Begin PBXFrameworksBuildPhase section */
		166F822529AC948B0019D447 /* Frameworks */ = {
			isa = PBXFrameworksBuildPhase;
			buildActionMask = 2147483647;
			files = (
			);
			runOnlyForDeploymentPostprocessing = 0;
		};
/* End PBXFrameworksBuildPhase section */

/* Begin PBXGroup section */
		166F821F29AC948B0019D447 = {
			isa = PBXGroup;
			children = (
				166F822A29AC948B0019D447 /* RickAndMorty */,
				166F822929AC948B0019D447 /* Products */,
			);
			sourceTree = "<group>";
		};
		166F822929AC948B0019D447 /* Products */ = {
			isa = PBXGroup;
			children = (
				166F822829AC948B0019D447 /* RickAndMorty.app */,
			);
			name = Products;
			sourceTree = "<group>";
		};
		166F822A29AC948B0019D447 /* RickAndMorty */ = {
			isa = PBXGroup;
			children = (
				166F824429ACA0D40019D447 /* Resources */,
				166F824329ACA0CA0019D447 /* Managers */,
				166F824229ACA0BC0019D447 /* APIClient */,
				166F824129ACA0B20019D447 /* ViewModels */,
				166F824529ACA0DB0019D447 /* Views */,
				166F824029ACA0A90019D447 /* Models */,
				166F823F29ACA09E0019D447 /* Controllers */,
				166F823929AC948C0019D447 /* Info.plist */,
			);
			path = RickAndMorty;
			sourceTree = "<group>";
		};
		166F823F29ACA09E0019D447 /* Controllers */ = {
			isa = PBXGroup;
			children = (
				166F824C29ACA2A70019D447 /* Core */,
			);
			path = Controllers;
			sourceTree = "<group>";
		};
		166F824029ACA0A90019D447 /* Models */ = {
			isa = PBXGroup;
			children = (
				166F824629ACA1C30019D447 /* RMLocation.swift */,
				166F824829ACA1DF0019D447 /* RMCharacter.swift */,
				166F824A29ACA1F50019D447 /* RMEpisode.swift */,
			);
			path = Models;
			sourceTree = "<group>";
		};
		166F824129ACA0B20019D447 /* ViewModels */ = {
			isa = PBXGroup;
			children = (
			);
			path = ViewModels;
			sourceTree = "<group>";
		};
		166F824229ACA0BC0019D447 /* APIClient */ = {
			isa = PBXGroup;
			children = (
				163E163529B773DB00956758 /* RMService.swift */,
				163E163729B773EC00956758 /* RMRequest.swift */,
				163E163929B776EA00956758 /* RMEndpoint.swift */,
			);
			path = APIClient;
			sourceTree = "<group>";
		};
		166F824329ACA0CA0019D447 /* Managers */ = {
			isa = PBXGroup;
			children = (
			);
			path = Managers;
			sourceTree = "<group>";
		};
		166F824429ACA0D40019D447 /* Resources */ = {
			isa = PBXGroup;
			children = (
				166F822B29AC948B0019D447 /* AppDelegate.swift */,
				166F822D29AC948B0019D447 /* SceneDelegate.swift */,
				166F823429AC948C0019D447 /* Assets.xcassets */,
				166F823629AC948C0019D447 /* LaunchScreen.storyboard */,
			);
			path = Resources;
			sourceTree = "<group>";
		};
		166F824529ACA0DB0019D447 /* Views */ = {
			isa = PBXGroup;
			children = (
			);
			path = Views;
			sourceTree = "<group>";
		};
		166F824C29ACA2A70019D447 /* Core */ = {
			isa = PBXGroup;
			children = (
				166F822F29AC948B0019D447 /* RMTabViewContoller.swift */,
				166F824F29ACA30D0019D447 /* RMCharacterViewController.swift */,
				166F824D29ACA2F90019D447 /* RMLocationViewController.swift */,
				166F825129ACA3280019D447 /* RMEpisodeViewController.swift */,
				166F825329ACA3320019D447 /* RMSettingsViewController.swift */,
			);
			path = Core;
			sourceTree = "<group>";
		};
/* End PBXGroup section */

/* Begin PBXNativeTarget section */
		166F822729AC948B0019D447 /* RickAndMorty */ = {
			isa = PBXNativeTarget;
			buildConfigurationList = 166F823C29AC948C0019D447 /* Build configuration list for PBXNativeTarget "RickAndMorty" */;
			buildPhases = (
				166F822429AC948B0019D447 /* Sources */,
				166F822529AC948B0019D447 /* Frameworks */,
				166F822629AC948B0019D447 /* Resources */,
			);
			buildRules = (
			);
			dependencies = (
			);
			name = RickAndMorty;
			productName = RickAndMorty;
			productReference = 166F822829AC948B0019D447 /* RickAndMorty.app */;
			productType = "com.apple.product-type.application";
		};
/* End PBXNativeTarget section */

/* Begin PBXProject section */
		166F822029AC948B0019D447 /* Project object */ = {
			isa = PBXProject;
			attributes = {
				BuildIndependentTargetsInParallel = 1;
				LastSwiftUpdateCheck = 1410;
				LastUpgradeCheck = 1410;
				TargetAttributes = {
					166F822729AC948B0019D447 = {
						CreatedOnToolsVersion = 14.1;
					};
				};
			};
			buildConfigurationList = 166F822329AC948B0019D447 /* Build configuration list for PBXProject "RickAndMorty" */;
			compatibilityVersion = "Xcode 14.0";
			developmentRegion = en;
			hasScannedForEncodings = 0;
			knownRegions = (
				en,
				Base,
			);
			mainGroup = 166F821F29AC948B0019D447;
			productRefGroup = 166F822929AC948B0019D447 /* Products */;
			projectDirPath = "";
			projectRoot = "";
			targets = (
				166F822729AC948B0019D447 /* RickAndMorty */,
			);
		};
/* End PBXProject section */

/* Begin PBXResourcesBuildPhase section */
		166F822629AC948B0019D447 /* Resources */ = {
			isa = PBXResourcesBuildPhase;
			buildActionMask = 2147483647;
			files = (
				166F823829AC948C0019D447 /* LaunchScreen.storyboard in Resources */,
				166F823529AC948C0019D447 /* Assets.xcassets in Resources */,
			);
			runOnlyForDeploymentPostprocessing = 0;
		};
/* End PBXResourcesBuildPhase section */

/* Begin PBXSourcesBuildPhase section */
		166F822429AC948B0019D447 /* Sources */ = {
			isa = PBXSourcesBuildPhase;
			buildActionMask = 2147483647;
			files = (
				166F824B29ACA1F50019D447 /* RMEpisode.swift in Sources */,
				166F823029AC948B0019D447 /* RMTabViewContoller.swift in Sources */,
				166F824E29ACA2F90019D447 /* RMLocationViewController.swift in Sources */,
				166F825229ACA3280019D447 /* RMEpisodeViewController.swift in Sources */,
				166F822C29AC948B0019D447 /* AppDelegate.swift in Sources */,
				166F822E29AC948B0019D447 /* SceneDelegate.swift in Sources */,
				166F825429ACA3320019D447 /* RMSettingsViewController.swift in Sources */,
				163E163629B773DB00956758 /* RMService.swift in Sources */,
				166F825029ACA30D0019D447 /* RMCharacterViewController.swift in Sources */,
				163E163A29B776EA00956758 /* RMEndpoint.swift in Sources */,
				166F824729ACA1C30019D447 /* RMLocation.swift in Sources */,
				163E163829B773EC00956758 /* RMRequest.swift in Sources */,
				166F824929ACA1DF0019D447 /* RMCharacter.swift in Sources */,
			);
			runOnlyForDeploymentPostprocessing = 0;
		};
/* End PBXSourcesBuildPhase section */

/* Begin PBXVariantGroup section */
		166F823629AC948C0019D447 /* LaunchScreen.storyboard */ = {
			isa = PBXVariantGroup;
			children = (
				166F823729AC948C0019D447 /* Base */,
			);
			name = LaunchScreen.storyboard;
			sourceTree = "<group>";
		};
/* End PBXVariantGroup section */

/* Begin XCBuildConfiguration section */
		166F823A29AC948C0019D447 /* Debug */ = {
			isa = XCBuildConfiguration;
			buildSettings = {
				ALWAYS_SEARCH_USER_PATHS = NO;
				CLANG_ANALYZER_NONNULL = YES;
				CLANG_ANALYZER_NUMBER_OBJECT_CONVERSION = YES_AGGRESSIVE;
				CLANG_CXX_LANGUAGE_STANDARD = "gnu++20";
				CLANG_ENABLE_MODULES = YES;
				CLANG_ENABLE_OBJC_ARC = YES;
				CLANG_ENABLE_OBJC_WEAK = YES;
				CLANG_WARN_BLOCK_CAPTURE_AUTORELEASING = YES;
				CLANG_WARN_BOOL_CONVERSION = YES;
				CLANG_WARN_COMMA = YES;
				CLANG_WARN_CONSTANT_CONVERSION = YES;
				CLANG_WARN_DEPRECATED_OBJC_IMPLEMENTATIONS = YES;
				CLANG_WARN_DIRECT_OBJC_ISA_USAGE = YES_ERROR;
				CLANG_WARN_DOCUMENTATION_COMMENTS = YES;
				CLANG_WARN_EMPTY_BODY = YES;
				CLANG_WARN_ENUM_CONVERSION = YES;
				CLANG_WARN_INFINITE_RECURSION = YES;
				CLANG_WARN_INT_CONVERSION = YES;
				CLANG_WARN_NON_LITERAL_NULL_CONVERSION = YES;
				CLANG_WARN_OBJC_IMPLICIT_RETAIN_SELF = YES;
				CLANG_WARN_OBJC_LITERAL_CONVERSION = YES;
				CLANG_WARN_OBJC_ROOT_CLASS = YES_ERROR;
				CLANG_WARN_QUOTED_INCLUDE_IN_FRAMEWORK_HEADER = YES;
				CLANG_WARN_RANGE_LOOP_ANALYSIS = YES;
				CLANG_WARN_STRICT_PROTOTYPES = YES;
				CLANG_WARN_SUSPICIOUS_MOVE = YES;
				CLANG_WARN_UNGUARDED_AVAILABILITY = YES_AGGRESSIVE;
				CLANG_WARN_UNREACHABLE_CODE = YES;
				CLANG_WARN__DUPLICATE_METHOD_MATCH = YES;
				COPY_PHASE_STRIP = NO;
				DEBUG_INFORMATION_FORMAT = dwarf;
				ENABLE_STRICT_OBJC_MSGSEND = YES;
				ENABLE_TESTABILITY = YES;
				GCC_C_LANGUAGE_STANDARD = gnu11;
				GCC_DYNAMIC_NO_PIC = NO;
				GCC_NO_COMMON_BLOCKS = YES;
				GCC_OPTIMIZATION_LEVEL = 0;
				GCC_PREPROCESSOR_DEFINITIONS = (
					"DEBUG=1",
					"$(inherited)",
				);
				GCC_WARN_64_TO_32_BIT_CONVERSION = YES;
				GCC_WARN_ABOUT_RETURN_TYPE = YES_ERROR;
				GCC_WARN_UNDECLARED_SELECTOR = YES;
				GCC_WARN_UNINITIALIZED_AUTOS = YES_AGGRESSIVE;
				GCC_WARN_UNUSED_FUNCTION = YES;
				GCC_WARN_UNUSED_VARIABLE = YES;
				IPHONEOS_DEPLOYMENT_TARGET = 16.1;
				MTL_ENABLE_DEBUG_INFO = INCLUDE_SOURCE;
				MTL_FAST_MATH = YES;
				ONLY_ACTIVE_ARCH = YES;
				SDKROOT = iphoneos;
				SWIFT_ACTIVE_COMPILATION_CONDITIONS = DEBUG;
				SWIFT_OPTIMIZATION_LEVEL = "-Onone";
			};
			name = Debug;
		};
		166F823B29AC948C0019D447 /* Release */ = {
			isa = XCBuildConfiguration;
			buildSettings = {
				ALWAYS_SEARCH_USER_PATHS = NO;
				CLANG_ANALYZER_NONNULL = YES;
				CLANG_ANALYZER_NUMBER_OBJECT_CONVERSION = YES_AGGRESSIVE;
				CLANG_CXX_LANGUAGE_STANDARD = "gnu++20";
				CLANG_ENABLE_MODULES = YES;
				CLANG_ENABLE_OBJC_ARC = YES;
				CLANG_ENABLE_OBJC_WEAK = YES;
				CLANG_WARN_BLOCK_CAPTURE_AUTORELEASING = YES;
				CLANG_WARN_BOOL_CONVERSION = YES;
				CLANG_WARN_COMMA = YES;
				CLANG_WARN_CONSTANT_CONVERSION = YES;
				CLANG_WARN_DEPRECATED_OBJC_IMPLEMENTATIONS = YES;
				CLANG_WARN_DIRECT_OBJC_ISA_USAGE = YES_ERROR;
				CLANG_WARN_DOCUMENTATION_COMMENTS = YES;
				CLANG_WARN_EMPTY_BODY = YES;
				CLANG_WARN_ENUM_CONVERSION = YES;
				CLANG_WARN_INFINITE_RECURSION = YES;
				CLANG_WARN_INT_CONVERSION = YES;
				CLANG_WARN_NON_LITERAL_NULL_CONVERSION = YES;
				CLANG_WARN_OBJC_IMPLICIT_RETAIN_SELF = YES;
				CLANG_WARN_OBJC_LITERAL_CONVERSION = YES;
				CLANG_WARN_OBJC_ROOT_CLASS = YES_ERROR;
				CLANG_WARN_QUOTED_INCLUDE_IN_FRAMEWORK_HEADER = YES;
				CLANG_WARN_RANGE_LOOP_ANALYSIS = YES;
				CLANG_WARN_STRICT_PROTOTYPES = YES;
				CLANG_WARN_SUSPICIOUS_MOVE = YES;
				CLANG_WARN_UNGUARDED_AVAILABILITY = YES_AGGRESSIVE;
				CLANG_WARN_UNREACHABLE_CODE = YES;
				CLANG_WARN__DUPLICATE_METHOD_MATCH = YES;
				COPY_PHASE_STRIP = NO;
				DEBUG_INFORMATION_FORMAT = "dwarf-with-dsym";
				ENABLE_NS_ASSERTIONS = NO;
				ENABLE_STRICT_OBJC_MSGSEND = YES;
				GCC_C_LANGUAGE_STANDARD = gnu11;
				GCC_NO_COMMON_BLOCKS = YES;
				GCC_WARN_64_TO_32_BIT_CONVERSION = YES;
				GCC_WARN_ABOUT_RETURN_TYPE = YES_ERROR;
				GCC_WARN_UNDECLARED_SELECTOR = YES;
				GCC_WARN_UNINITIALIZED_AUTOS = YES_AGGRESSIVE;
				GCC_WARN_UNUSED_FUNCTION = YES;
				GCC_WARN_UNUSED_VARIABLE = YES;
				IPHONEOS_DEPLOYMENT_TARGET = 16.1;
				MTL_ENABLE_DEBUG_INFO = NO;
				MTL_FAST_MATH = YES;
				SDKROOT = iphoneos;
				SWIFT_COMPILATION_MODE = wholemodule;
				SWIFT_OPTIMIZATION_LEVEL = "-O";
				VALIDATE_PRODUCT = YES;
			};
			name = Release;
		};
		166F823D29AC948C0019D447 /* Debug */ = {
			isa = XCBuildConfiguration;
			buildSettings = {
				ASSETCATALOG_COMPILER_APPICON_NAME = AppIcon;
				ASSETCATALOG_COMPILER_GLOBAL_ACCENT_COLOR_NAME = AccentColor;
				CODE_SIGN_STYLE = Automatic;
				CURRENT_PROJECT_VERSION = 1;
				DEVELOPMENT_TEAM = D3V9R8J9N8;
				GENERATE_INFOPLIST_FILE = YES;
				INFOPLIST_FILE = RickAndMorty/Info.plist;
				INFOPLIST_KEY_UIApplicationSupportsIndirectInputEvents = YES;
				INFOPLIST_KEY_UILaunchStoryboardName = LaunchScreen;
				INFOPLIST_KEY_UISupportedInterfaceOrientations_iPad = "UIInterfaceOrientationPortrait UIInterfaceOrientationPortraitUpsideDown UIInterfaceOrientationLandscapeLeft UIInterfaceOrientationLandscapeRight";
				INFOPLIST_KEY_UISupportedInterfaceOrientations_iPhone = "UIInterfaceOrientationPortrait UIInterfaceOrientationLandscapeLeft UIInterfaceOrientationLandscapeRight";
				LD_RUNPATH_SEARCH_PATHS = (
					"$(inherited)",
					"@executable_path/Frameworks",
				);
				MARKETING_VERSION = 1.0;
				PRODUCT_BUNDLE_IDENTIFIER = com.saideshovalisher.RickAndMorty;
				PRODUCT_NAME = "$(TARGET_NAME)";
				SWIFT_EMIT_LOC_STRINGS = YES;
				SWIFT_VERSION = 5.0;
				TARGETED_DEVICE_FAMILY = "1,2";
			};
			name = Debug;
		};
		166F823E29AC948C0019D447 /* Release */ = {
			isa = XCBuildConfiguration;
			buildSettings = {
				ASSETCATALOG_COMPILER_APPICON_NAME = AppIcon;
				ASSETCATALOG_COMPILER_GLOBAL_ACCENT_COLOR_NAME = AccentColor;
				CODE_SIGN_STYLE = Automatic;
				CURRENT_PROJECT_VERSION = 1;
				DEVELOPMENT_TEAM = D3V9R8J9N8;
				GENERATE_INFOPLIST_FILE = YES;
				INFOPLIST_FILE = RickAndMorty/Info.plist;
				INFOPLIST_KEY_UIApplicationSupportsIndirectInputEvents = YES;
				INFOPLIST_KEY_UILaunchStoryboardName = LaunchScreen;
				INFOPLIST_KEY_UISupportedInterfaceOrientations_iPad = "UIInterfaceOrientationPortrait UIInterfaceOrientationPortraitUpsideDown UIInterfaceOrientationLandscapeLeft UIInterfaceOrientationLandscapeRight";
				INFOPLIST_KEY_UISupportedInterfaceOrientations_iPhone = "UIInterfaceOrientationPortrait UIInterfaceOrientationLandscapeLeft UIInterfaceOrientationLandscapeRight";
				LD_RUNPATH_SEARCH_PATHS = (
					"$(inherited)",
					"@executable_path/Frameworks",
				);
				MARKETING_VERSION = 1.0;
				PRODUCT_BUNDLE_IDENTIFIER = com.saideshovalisher.RickAndMorty;
				PRODUCT_NAME = "$(TARGET_NAME)";
				SWIFT_EMIT_LOC_STRINGS = YES;
				SWIFT_VERSION = 5.0;
				TARGETED_DEVICE_FAMILY = "1,2";
			};
			name = Release;
		};
/* End XCBuildConfiguration section */

/* Begin XCConfigurationList section */
		166F822329AC948B0019D447 /* Build configuration list for PBXProject "RickAndMorty" */ = {
			isa = XCConfigurationList;
			buildConfigurations = (
				166F823A29AC948C0019D447 /* Debug */,
				166F823B29AC948C0019D447 /* Release */,
			);
			defaultConfigurationIsVisible = 0;
			defaultConfigurationName = Release;
		};
		166F823C29AC948C0019D447 /* Build configuration list for PBXNativeTarget "RickAndMorty" */ = {
			isa = XCConfigurationList;
			buildConfigurations = (
				166F823D29AC948C0019D447 /* Debug */,
				166F823E29AC948C0019D447 /* Release */,
			);
			defaultConfigurationIsVisible = 0;
			defaultConfigurationName = Release;
		};
/* End XCConfigurationList section */
	};
	rootObject = 166F822029AC948B0019D447 /* Project object */;
}
